
Microsoft Visual Studio Solution File, Format Version 12.00
# Visual Studio Version 17
VisualStudioVersion = 17.2.32630.192
MinimumVisualStudioVersion = 10.0.40219.1
Project("{9A19103F-16F7-4668-BE54-9A1E7A4F7556}") = "AsmShare", "AsmShare\AsmShare.csproj", "{6B0A85F1-CD43-46DD-B09F-FA41087FA270}"
EndProject
Project("{9A19103F-16F7-4668-BE54-9A1E7A4F7556}") = "AsmAPI", "AsmAPI\AsmAPI.csproj", "{E9997C97-F9A7-41BE-9AA4-91C5AC973DC8}"
EndProject
Project("{9A19103F-16F7-4668-BE54-9A1E7A4F7556}") = "AsmClient", "AsmClient\AsmClient.csproj", "{F1BB2AEF-1125-47B1-B85D-F8A05CCD1DD9}"
EndProject
Project("{9A19103F-16F7-4668-BE54-9A1E7A4F7556}") = "AsmServer", "AsmServer\AsmServer.csproj", "{D6A2E45C-1997-4463-A98C-2D6091FB471A}"
EndProject
Global
	GlobalSection(SolutionConfigurationPlatforms) = preSolution
		Debug|Any CPU = Debug|Any CPU
		Release|Any CPU = Release|Any CPU
	EndGlobalSection
	GlobalSection(ProjectConfigurationPlatforms) = postSolution
		{6B0A85F1-CD43-46DD-B09F-FA41087FA270}.Debug|Any CPU.ActiveCfg = Debug|Any CPU
		{6B0A85F1-CD43-46DD-B09F-FA41087FA270}.Debug|Any CPU.Build.0 = Debug|Any CPU
		{6B0A85F1-CD43-46DD-B09F-FA41087FA270}.Release|Any CPU.ActiveCfg = Release|Any CPU
		{6B0A85F1-CD43-46DD-B09F-FA41087FA270}.Release|Any CPU.Build.0 = Release|Any CPU
		{E9997C97-F9A7-41BE-9AA4-91C5AC973DC8}.Debug|Any CPU.ActiveCfg = Debug|Any CPU
		{E9997C97-F9A7-41BE-9AA4-91C5AC973DC8}.Debug|Any CPU.Build.0 = Debug|Any CPU
		{E9997C97-F9A7-41BE-9AA4-91C5AC973DC8}.Release|Any CPU.ActiveCfg = Release|Any CPU
		{E9997C97-F9A7-41BE-9AA4-91C5AC973DC8}.Release|Any CPU.Build.0 = Release|Any CPU
		{F1BB2AEF-1125-47B1-B85D-F8A05CCD1DD9}.Debug|Any CPU.ActiveCfg = Debug|Any CPU
		{F1BB2AEF-1125-47B1-B85D-F8A05CCD1DD9}.Debug|Any CPU.Build.0 = Debug|Any CPU
		{F1BB2AEF-1125-47B1-B85D-F8A05CCD1DD9}.Release|Any CPU.ActiveCfg = Release|Any CPU
		{F1BB2AEF-1125-47B1-B85D-F8A05CCD1DD9}.Release|Any CPU.Build.0 = Release|Any CPU
		{D6A2E45C-1997-4463-A98C-2D6091FB471A}.Debug|Any CPU.ActiveCfg = Debug|Any CPU
		{D6A2E45C-1997-4463-A98C-2D6091FB471A}.Debug|Any CPU.Build.0 = Debug|Any CPU
		{D6A2E45C-1997-4463-A98C-2D6091FB471A}.Release|Any CPU.ActiveCfg = Release|Any CPU
		{D6A2E45C-1997-4463-A98C-2D6091FB471A}.Release|Any CPU.Build.0 = Release|Any CPU
	EndGlobalSection
	GlobalSection(SolutionProperties) = preSolution
		HideSolutionNode = FALSE
	EndGlobalSection
	GlobalSection(ExtensibilityGlobals) = postSolution
		SolutionGuid = {0BF7CFB1-37DF-4ED9-ABE4-5720D4E54C03}
	EndGlobalSection
EndGlobal
